
Microsoft Visual Studio Solution File, Format Version 12.00
# Visual Studio Version 16
VisualStudioVersion = 16.0.28803.352
MinimumVisualStudioVersion = 10.0.40219.1
Project("{FAE04EC0-301F-11D3-BF4B-00C04F79EFBC}") = "qicstreamv2", "qicstreamv2\qicstreamv2.csproj", "{B562C774-6604-4E5F-AD12-3E25DAA28B4C}"
EndProject
Project("{FAE04EC0-301F-11D3-BF4B-00C04F79EFBC}") = "qicstreamv1", "qicstreamv1\qicstreamv1.csproj", "{7C68ADF6-CAE4-454F-B4D7-02D5F3C9475C}"
EndProject
Project("{FAE04EC0-301F-11D3-BF4B-00C04F79EFBC}") = "qicstreamv4", "qicstreamv4\qicstreamv4.csproj", "{253078F4-51E7-4DDB-904F-55E662BD1AEB}"
EndProject
Project("{FAE04EC0-301F-11D3-BF4B-00C04F79EFBC}") = "hpbackup", "hpbackup\hpbackup.csproj", "{80E32514-E2EC-41E4-9418-CD4EB8A73168}"
EndProject
Project("{FAE04EC0-301F-11D3-BF4B-00C04F79EFBC}") = "headerview", "headerview\headerview.csproj", "{144841C0-4F93-4145-9530-D8E2A866FF38}"
EndProject
Project("{FAE04EC0-301F-11D3-BF4B-00C04F79EFBC}") = "qicstream95", "qicstream95\qicstream95.csproj", "{EF3D9D1F-C8CD-416C-8DE4-A9F0DE94297B}"
EndProject
Global
	GlobalSection(SolutionConfigurationPlatforms) = preSolution
		Debug|Any CPU = Debug|Any CPU
		Debug|x64 = Debug|x64
		Debug|x86 = Debug|x86
		Release|Any CPU = Release|Any CPU
		Release|x64 = Release|x64
		Release|x86 = Release|x86
	EndGlobalSection
	GlobalSection(ProjectConfigurationPlatforms) = postSolution
		{B562C774-6604-4E5F-AD12-3E25DAA28B4C}.Debug|Any CPU.ActiveCfg = Debug|Any CPU
		{B562C774-6604-4E5F-AD12-3E25DAA28B4C}.Debug|Any CPU.Build.0 = Debug|Any CPU
		{B562C774-6604-4E5F-AD12-3E25DAA28B4C}.Debug|x64.ActiveCfg = Debug|Any CPU
		{B562C774-6604-4E5F-AD12-3E25DAA28B4C}.Debug|x64.Build.0 = Debug|Any CPU
		{B562C774-6604-4E5F-AD12-3E25DAA28B4C}.Debug|x86.ActiveCfg = Debug|Any CPU
		{B562C774-6604-4E5F-AD12-3E25DAA28B4C}.Debug|x86.Build.0 = Debug|Any CPU
		{B562C774-6604-4E5F-AD12-3E25DAA28B4C}.Release|Any CPU.ActiveCfg = Release|Any CPU
		{B562C774-6604-4E5F-AD12-3E25DAA28B4C}.Release|Any CPU.Build.0 = Release|Any CPU
		{B562C774-6604-4E5F-AD12-3E25DAA28B4C}.Release|x64.ActiveCfg = Release|Any CPU
		{B562C774-6604-4E5F-AD12-3E25DAA28B4C}.Release|x64.Build.0 = Release|Any CPU
		{B562C774-6604-4E5F-AD12-3E25DAA28B4C}.Release|x86.ActiveCfg = Release|Any CPU
		{B562C774-6604-4E5F-AD12-3E25DAA28B4C}.Release|x86.Build.0 = Release|Any CPU
		{7C68ADF6-CAE4-454F-B4D7-02D5F3C9475C}.Debug|Any CPU.ActiveCfg = Debug|Any CPU
		{7C68ADF6-CAE4-454F-B4D7-02D5F3C9475C}.Debug|Any CPU.Build.0 = Debug|Any CPU
		{7C68ADF6-CAE4-454F-B4D7-02D5F3C9475C}.Debug|x64.ActiveCfg = Debug|Any CPU
		{7C68ADF6-CAE4-454F-B4D7-02D5F3C9475C}.Debug|x64.Build.0 = Debug|Any CPU
		{7C68ADF6-CAE4-454F-B4D7-02D5F3C9475C}.Debug|x86.ActiveCfg = Debug|Any CPU
		{7C68ADF6-CAE4-454F-B4D7-02D5F3C9475C}.Debug|x86.Build.0 = Debug|Any CPU
		{7C68ADF6-CAE4-454F-B4D7-02D5F3C9475C}.Release|Any CPU.ActiveCfg = Release|Any CPU
		{7C68ADF6-CAE4-454F-B4D7-02D5F3C9475C}.Release|Any CPU.Build.0 = Release|Any CPU
		{7C68ADF6-CAE4-454F-B4D7-02D5F3C9475C}.Release|x64.ActiveCfg = Release|Any CPU
		{7C68ADF6-CAE4-454F-B4D7-02D5F3C9475C}.Release|x64.Build.0 = Release|Any CPU
		{7C68ADF6-CAE4-454F-B4D7-02D5F3C9475C}.Release|x86.ActiveCfg = Release|Any CPU
		{7C68ADF6-CAE4-454F-B4D7-02D5F3C9475C}.Release|x86.Build.0 = Release|Any CPU
		{253078F4-51E7-4DDB-904F-55E662BD1AEB}.Debug|Any CPU.ActiveCfg = Debug|Any CPU
		{253078F4-51E7-4DDB-904F-55E662BD1AEB}.Debug|Any CPU.Build.0 = Debug|Any CPU
		{253078F4-51E7-4DDB-904F-55E662BD1AEB}.Debug|x64.ActiveCfg = Debug|Any CPU
		{253078F4-51E7-4DDB-904F-55E662BD1AEB}.Debug|x64.Build.0 = Debug|Any CPU
		{253078F4-51E7-4DDB-904F-55E662BD1AEB}.Debug|x86.ActiveCfg = Debug|Any CPU
		{253078F4-51E7-4DDB-904F-55E662BD1AEB}.Debug|x86.Build.0 = Debug|Any CPU
		{253078F4-51E7-4DDB-904F-55E662BD1AEB}.Release|Any CPU.ActiveCfg = Release|Any CPU
		{253078F4-51E7-4DDB-904F-55E662BD1AEB}.Release|Any CPU.Build.0 = Release|Any CPU
		{253078F4-51E7-4DDB-904F-55E662BD1AEB}.Release|x64.ActiveCfg = Release|Any CPU
		{253078F4-51E7-4DDB-904F-55E662BD1AEB}.Release|x64.Build.0 = Release|Any CPU
		{253078F4-51E7-4DDB-904F-55E662BD1AEB}.Release|x86.ActiveCfg = Release|Any CPU
		{253078F4-51E7-4DDB-904F-55E662BD1AEB}.Release|x86.Build.0 = Release|Any CPU
		{80E32514-E2EC-41E4-9418-CD4EB8A73168}.Debug|Any CPU.ActiveCfg = Debug|Any CPU
		{80E32514-E2EC-41E4-9418-CD4EB8A73168}.Debug|Any CPU.Build.0 = Debug|Any CPU
		{80E32514-E2EC-41E4-9418-CD4EB8A73168}.Debug|x64.ActiveCfg = Debug|Any CPU
		{80E32514-E2EC-41E4-9418-CD4EB8A73168}.Debug|x64.Build.0 = Debug|Any CPU
		{80E32514-E2EC-41E4-9418-CD4EB8A73168}.Debug|x86.ActiveCfg = Debug|Any CPU
		{80E32514-E2EC-41E4-9418-CD4EB8A73168}.Debug|x86.Build.0 = Debug|Any CPU
		{80E32514-E2EC-41E4-9418-CD4EB8A73168}.Release|Any CPU.ActiveCfg = Release|Any CPU
		{80E32514-E2EC-41E4-9418-CD4EB8A73168}.Release|Any CPU.Build.0 = Release|Any CPU
		{80E32514-E2EC-41E4-9418-CD4EB8A73168}.Release|x64.ActiveCfg = Release|Any CPU
		{80E32514-E2EC-41E4-9418-CD4EB8A73168}.Release|x64.Build.0 = Release|Any CPU
		{80E32514-E2EC-41E4-9418-CD4EB8A73168}.Release|x86.ActiveCfg = Release|Any CPU
		{80E32514-E2EC-41E4-9418-CD4EB8A73168}.Release|x86.Build.0 = Release|Any CPU
		{144841C0-4F93-4145-9530-D8E2A866FF38}.Debug|Any CPU.ActiveCfg = Debug|Any CPU
		{144841C0-4F93-4145-9530-D8E2A866FF38}.Debug|Any CPU.Build.0 = Debug|Any CPU
		{144841C0-4F93-4145-9530-D8E2A866FF38}.Debug|x64.ActiveCfg = Debug|Any CPU
		{144841C0-4F93-4145-9530-D8E2A866FF38}.Debug|x64.Build.0 = Debug|Any CPU
		{144841C0-4F93-4145-9530-D8E2A866FF38}.Debug|x86.ActiveCfg = Debug|Any CPU
		{144841C0-4F93-4145-9530-D8E2A866FF38}.Debug|x86.Build.0 = Debug|Any CPU
		{144841C0-4F93-4145-9530-D8E2A866FF38}.Release|Any CPU.ActiveCfg = Release|Any CPU
		{144841C0-4F93-4145-9530-D8E2A866FF38}.Release|Any CPU.Build.0 = Release|Any CPU
		{144841C0-4F93-4145-9530-D8E2A866FF38}.Release|x64.ActiveCfg = Release|Any CPU
		{144841C0-4F93-4145-9530-D8E2A866FF38}.Release|x64.Build.0 = Release|Any CPU
		{144841C0-4F93-4145-9530-D8E2A866FF38}.Release|x86.ActiveCfg = Release|Any CPU
		{144841C0-4F93-4145-9530-D8E2A866FF38}.Release|x86.Build.0 = Release|Any CPU
		{EF3D9D1F-C8CD-416C-8DE4-A9F0DE94297B}.Debug|Any CPU.ActiveCfg = Debug|Any CPU
		{EF3D9D1F-C8CD-416C-8DE4-A9F0DE94297B}.Debug|Any CPU.Build.0 = Debug|Any CPU
		{EF3D9D1F-C8CD-416C-8DE4-A9F0DE94297B}.Debug|x64.ActiveCfg = Debug|Any CPU
		{EF3D9D1F-C8CD-416C-8DE4-A9F0DE94297B}.Debug|x64.Build.0 = Debug|Any CPU
		{EF3D9D1F-C8CD-416C-8DE4-A9F0DE94297B}.Debug|x86.ActiveCfg = Debug|Any CPU
		{EF3D9D1F-C8CD-416C-8DE4-A9F0DE94297B}.Debug|x86.Build.0 = Debug|Any CPU
		{EF3D9D1F-C8CD-416C-8DE4-A9F0DE94297B}.Release|Any CPU.ActiveCfg = Release|Any CPU
		{EF3D9D1F-C8CD-416C-8DE4-A9F0DE94297B}.Release|Any CPU.Build.0 = Release|Any CPU
		{EF3D9D1F-C8CD-416C-8DE4-A9F0DE94297B}.Release|x64.ActiveCfg = Release|Any CPU
		{EF3D9D1F-C8CD-416C-8DE4-A9F0DE94297B}.Release|x64.Build.0 = Release|Any CPU
		{EF3D9D1F-C8CD-416C-8DE4-A9F0DE94297B}.Release|x86.ActiveCfg = Release|Any CPU
		{EF3D9D1F-C8CD-416C-8DE4-A9F0DE94297B}.Release|x86.Build.0 = Release|Any CPU
	EndGlobalSection
	GlobalSection(SolutionProperties) = preSolution
		HideSolutionNode = FALSE
	EndGlobalSection
	GlobalSection(ExtensibilityGlobals) = postSolution
		SolutionGuid = {8D043204-3FE6-4C07-AA10-14FDCE513302}
	EndGlobalSection
EndGlobal
